
Microsoft Visual Studio Solution File, Format Version 12.00
# Visual Studio Version 17
VisualStudioVersion = 17.12.35514.174 d17.12
MinimumVisualStudioVersion = 10.0.40219.1
Project("{FAE04EC0-301F-11D3-BF4B-00C04F79EFBC}") = "ApiLab.Api", "ApiLab\ApiLab.Api.csproj", "{35E218DD-3D5A-414E-B666-5C15610728AC}"
EndProject
Project("{2150E333-8FDC-42A3-9474-1A3956D46DE8}") = "src", "src", "{300DEF6E-BCD0-4778-9D8E-038199B42BCA}"
EndProject
Project("{FAE04EC0-301F-11D3-BF4B-00C04F79EFBC}") = "Apilab.Application", "Apilab.Application\Apilab.Application.csproj", "{3E44596E-0F00-4523-B71B-5BEC1547239E}"
EndProject
Project("{FAE04EC0-301F-11D3-BF4B-00C04F79EFBC}") = "ApiLab.Domain", "ApiLab.Domain\ApiLab.Domain.csproj", "{38D84F72-90B2-40A1-A626-2BBF542B5925}"
EndProject
Project("{FAE04EC0-301F-11D3-BF4B-00C04F79EFBC}") = "ApiLab.CrossCutting", "ApiLab.CrossCutting\ApiLab.CrossCutting.csproj", "{92891594-75A1-4989-A715-9C20B720B265}"
EndProject
Project("{FAE04EC0-301F-11D3-BF4B-00C04F79EFBC}") = "ApiLab.Infra", "ApiLab.Infra\ApiLab.Infra.csproj", "{7237CD22-66A3-47BC-B85C-48EB472BC9B8}"
EndProject
Project("{FAE04EC0-301F-11D3-BF4B-00C04F79EFBC}") = "ApiLab.UnitTests", "ApiLab.UnitTests\ApiLab.UnitTests.csproj", "{B5251909-B2FA-426F-9D2F-157256D3DC8D}"
EndProject
Global
	GlobalSection(SolutionConfigurationPlatforms) = preSolution
		Debug|Any CPU = Debug|Any CPU
		Release|Any CPU = Release|Any CPU
	EndGlobalSection
	GlobalSection(ProjectConfigurationPlatforms) = postSolution
		{35E218DD-3D5A-414E-B666-5C15610728AC}.Debug|Any CPU.ActiveCfg = Debug|Any CPU
		{35E218DD-3D5A-414E-B666-5C15610728AC}.Debug|Any CPU.Build.0 = Debug|Any CPU
		{35E218DD-3D5A-414E-B666-5C15610728AC}.Release|Any CPU.ActiveCfg = Release|Any CPU
		{35E218DD-3D5A-414E-B666-5C15610728AC}.Release|Any CPU.Build.0 = Release|Any CPU
		{3E44596E-0F00-4523-B71B-5BEC1547239E}.Debug|Any CPU.ActiveCfg = Debug|Any CPU
		{3E44596E-0F00-4523-B71B-5BEC1547239E}.Debug|Any CPU.Build.0 = Debug|Any CPU
		{3E44596E-0F00-4523-B71B-5BEC1547239E}.Release|Any CPU.ActiveCfg = Release|Any CPU
		{3E44596E-0F00-4523-B71B-5BEC1547239E}.Release|Any CPU.Build.0 = Release|Any CPU
		{38D84F72-90B2-40A1-A626-2BBF542B5925}.Debug|Any CPU.ActiveCfg = Debug|Any CPU
		{38D84F72-90B2-40A1-A626-2BBF542B5925}.Debug|Any CPU.Build.0 = Debug|Any CPU
		{38D84F72-90B2-40A1-A626-2BBF542B5925}.Release|Any CPU.ActiveCfg = Release|Any CPU
		{38D84F72-90B2-40A1-A626-2BBF542B5925}.Release|Any CPU.Build.0 = Release|Any CPU
		{92891594-75A1-4989-A715-9C20B720B265}.Debug|Any CPU.ActiveCfg = Debug|Any CPU
		{92891594-75A1-4989-A715-9C20B720B265}.Debug|Any CPU.Build.0 = Debug|Any CPU
		{92891594-75A1-4989-A715-9C20B720B265}.Release|Any CPU.ActiveCfg = Release|Any CPU
		{92891594-75A1-4989-A715-9C20B720B265}.Release|Any CPU.Build.0 = Release|Any CPU
		{7237CD22-66A3-47BC-B85C-48EB472BC9B8}.Debug|Any CPU.ActiveCfg = Debug|Any CPU
		{7237CD22-66A3-47BC-B85C-48EB472BC9B8}.Debug|Any CPU.Build.0 = Debug|Any CPU
		{7237CD22-66A3-47BC-B85C-48EB472BC9B8}.Release|Any CPU.ActiveCfg = Release|Any CPU
		{7237CD22-66A3-47BC-B85C-48EB472BC9B8}.Release|Any CPU.Build.0 = Release|Any CPU
		{B5251909-B2FA-426F-9D2F-157256D3DC8D}.Debug|Any CPU.ActiveCfg = Debug|Any CPU
		{B5251909-B2FA-426F-9D2F-157256D3DC8D}.Debug|Any CPU.Build.0 = Debug|Any CPU
		{B5251909-B2FA-426F-9D2F-157256D3DC8D}.Release|Any CPU.ActiveCfg = Release|Any CPU
		{B5251909-B2FA-426F-9D2F-157256D3DC8D}.Release|Any CPU.Build.0 = Release|Any CPU
	EndGlobalSection
	GlobalSection(SolutionProperties) = preSolution
		HideSolutionNode = FALSE
	EndGlobalSection
	GlobalSection(NestedProjects) = preSolution
		{35E218DD-3D5A-414E-B666-5C15610728AC} = {300DEF6E-BCD0-4778-9D8E-038199B42BCA}
		{3E44596E-0F00-4523-B71B-5BEC1547239E} = {300DEF6E-BCD0-4778-9D8E-038199B42BCA}
		{38D84F72-90B2-40A1-A626-2BBF542B5925} = {300DEF6E-BCD0-4778-9D8E-038199B42BCA}
		{92891594-75A1-4989-A715-9C20B720B265} = {300DEF6E-BCD0-4778-9D8E-038199B42BCA}
		{7237CD22-66A3-47BC-B85C-48EB472BC9B8} = {300DEF6E-BCD0-4778-9D8E-038199B42BCA}
		{B5251909-B2FA-426F-9D2F-157256D3DC8D} = {300DEF6E-BCD0-4778-9D8E-038199B42BCA}
	EndGlobalSection
EndGlobal
